Microsoft Visual Studio Solution File, Format Version 12.00
# Visual Studio Version 17
VisualStudioVersion = 17.0.31903.59
MinimumVisualStudioVersion = 10.0.40219.1
Project("{2150E333-8FDC-42A3-9474-1A3956D46DE8}") = "src", "src", "{E45269D4-D9D4-45AF-9726-4D4CFD1F83F0}"
EndProject
Project("{FAE04EC0-301F-11D3-BF4B-00C04F79EFBC}") = "Opilo.HazardZoneMonitor.Domain", "src\Opilo.HazardZoneMonitor.Domain\Opilo.HazardZoneMonitor.Domain.csproj", "{A9B38203-02C4-4B6D-8DC8-6F6A7C40AE26}"
EndProject
Project("{2150E333-8FDC-42A3-9474-1A3956D46DE8}") = "tests", "tests", "{F80165AB-816F-4E8F-95D1-3560331A0D95}"
EndProject
Project("{FAE04EC0-301F-11D3-BF4B-00C04F79EFBC}") = "Opilo.HazardZoneMonitor.Domain.Tests.Unit", "tests\Opilo.HazardZoneMonitor.Domain.Tests.Unit\Opilo.HazardZoneMonitor.Domain.Tests.Unit.csproj", "{35AC8E98-97CB-4AD4-BD3F-BE6BE57DF298}"
EndProject
Project("{2150E333-8FDC-42A3-9474-1A3956D46DE8}") = "Solution Items", "Solution Items", "{52035B31-0E66-415E-A260-B78E537066AB}"
	ProjectSection(SolutionItems) = preProject
		Directory.Build.props = Directory.Build.props
		Directory.Packages.props = Directory.Packages.props
		.editorconfig = .editorconfig
	EndProjectSection
EndProject
Project("{2150E333-8FDC-42A3-9474-1A3956D46DE8}") = "docs", "docs", "{4E471A10-BEC3-40F4-91EA-320AC7614C31}"
	ProjectSection(SolutionItems) = preProject
		docs\HazardZoneStateDiagram.plantuml = docs\HazardZoneStateDiagram.plantuml
		docs\TODO.md = docs\TODO.md
	EndProjectSection
EndProject
Project("{FAE04EC0-301F-11D3-BF4B-00C04F79EFBC}") = "Opilo.HazardZoneMonitor.Api", "src\Opilo.HazardZoneMonitor.Api\Opilo.HazardZoneMonitor.Api.csproj", "{826993C2-09BC-4A4D-82EE-CECE327A407C}"
EndProject
Project("{FAE04EC0-301F-11D3-BF4B-00C04F79EFBC}") = "Opilo.HazardZoneMonitor.Tests.Integration", "tests\Opilo.HazardZoneMonitor.Tests.Integration\Opilo.HazardZoneMonitor.Tests.Integration.csproj", "{FF8ED484-CE81-4DE2-A9B4-CA69D99615D2}"
EndProject
Project("{FAE04EC0-301F-11D3-BF4B-00C04F79EFBC}") = "Opilo.HazardZoneMonitor.Api.Tests.Unit", "tests\Opilo.HazardZoneMonitor.Api.Tests.Unit\Opilo.HazardZoneMonitor.Api.Tests.Unit.csproj", "{82B5240B-3168-4C7D-92ED-337FB82DE86B}"
EndProject
Global
	GlobalSection(SolutionConfigurationPlatforms) = preSolution
		Debug|Any CPU = Debug|Any CPU
		Debug|x64 = Debug|x64
		Debug|x86 = Debug|x86
		Release|Any CPU = Release|Any CPU
		Release|x64 = Release|x64
		Release|x86 = Release|x86
	EndGlobalSection
	GlobalSection(ProjectConfigurationPlatforms) = postSolution
		{A9B38203-02C4-4B6D-8DC8-6F6A7C40AE26}.Debug|Any CPU.ActiveCfg = Debug|Any CPU
		{A9B38203-02C4-4B6D-8DC8-6F6A7C40AE26}.Debug|Any CPU.Build.0 = Debug|Any CPU
		{A9B38203-02C4-4B6D-8DC8-6F6A7C40AE26}.Debug|x64.ActiveCfg = Debug|Any CPU
		{A9B38203-02C4-4B6D-8DC8-6F6A7C40AE26}.Debug|x64.Build.0 = Debug|Any CPU
		{A9B38203-02C4-4B6D-8DC8-6F6A7C40AE26}.Debug|x86.ActiveCfg = Debug|Any CPU
		{A9B38203-02C4-4B6D-8DC8-6F6A7C40AE26}.Debug|x86.Build.0 = Debug|Any CPU
		{A9B38203-02C4-4B6D-8DC8-6F6A7C40AE26}.Release|Any CPU.ActiveCfg = Release|Any CPU
		{A9B38203-02C4-4B6D-8DC8-6F6A7C40AE26}.Release|Any CPU.Build.0 = Release|Any CPU
		{A9B38203-02C4-4B6D-8DC8-6F6A7C40AE26}.Release|x64.ActiveCfg = Release|Any CPU
		{A9B38203-02C4-4B6D-8DC8-6F6A7C40AE26}.Release|x64.Build.0 = Release|Any CPU
		{A9B38203-02C4-4B6D-8DC8-6F6A7C40AE26}.Release|x86.ActiveCfg = Release|Any CPU
		{A9B38203-02C4-4B6D-8DC8-6F6A7C40AE26}.Release|x86.Build.0 = Release|Any CPU
		{35AC8E98-97CB-4AD4-BD3F-BE6BE57DF298}.Debug|Any CPU.ActiveCfg = Debug|Any CPU
		{35AC8E98-97CB-4AD4-BD3F-BE6BE57DF298}.Debug|Any CPU.Build.0 = Debug|Any CPU
		{35AC8E98-97CB-4AD4-BD3F-BE6BE57DF298}.Debug|x64.ActiveCfg = Debug|Any CPU
		{35AC8E98-97CB-4AD4-BD3F-BE6BE57DF298}.Debug|x64.Build.0 = Debug|Any CPU
		{35AC8E98-97CB-4AD4-BD3F-BE6BE57DF298}.Debug|x86.ActiveCfg = Debug|Any CPU
		{35AC8E98-97CB-4AD4-BD3F-BE6BE57DF298}.Debug|x86.Build.0 = Debug|Any CPU
		{35AC8E98-97CB-4AD4-BD3F-BE6BE57DF298}.Release|Any CPU.ActiveCfg = Release|Any CPU
		{35AC8E98-97CB-4AD4-BD3F-BE6BE57DF298}.Release|Any CPU.Build.0 = Release|Any CPU
		{35AC8E98-97CB-4AD4-BD3F-BE6BE57DF298}.Release|x64.ActiveCfg = Release|Any CPU
		{35AC8E98-97CB-4AD4-BD3F-BE6BE57DF298}.Release|x64.Build.0 = Release|Any CPU
		{35AC8E98-97CB-4AD4-BD3F-BE6BE57DF298}.Release|x86.ActiveCfg = Release|Any CPU
		{35AC8E98-97CB-4AD4-BD3F-BE6BE57DF298}.Release|x86.Build.0 = Release|Any CPU
		{826993C2-09BC-4A4D-82EE-CECE327A407C}.Debug|Any CPU.ActiveCfg = Debug|Any CPU
		{826993C2-09BC-4A4D-82EE-CECE327A407C}.Debug|Any CPU.Build.0 = Debug|Any CPU
		{826993C2-09BC-4A4D-82EE-CECE327A407C}.Debug|x64.ActiveCfg = Debug|Any CPU
		{826993C2-09BC-4A4D-82EE-CECE327A407C}.Debug|x64.Build.0 = Debug|Any CPU
		{826993C2-09BC-4A4D-82EE-CECE327A407C}.Debug|x86.ActiveCfg = Debug|Any CPU
		{826993C2-09BC-4A4D-82EE-CECE327A407C}.Debug|x86.Build.0 = Debug|Any CPU
		{826993C2-09BC-4A4D-82EE-CECE327A407C}.Release|Any CPU.ActiveCfg = Release|Any CPU
		{826993C2-09BC-4A4D-82EE-CECE327A407C}.Release|Any CPU.Build.0 = Release|Any CPU
		{826993C2-09BC-4A4D-82EE-CECE327A407C}.Release|x64.ActiveCfg = Release|Any CPU
		{826993C2-09BC-4A4D-82EE-CECE327A407C}.Release|x64.Build.0 = Release|Any CPU
		{826993C2-09BC-4A4D-82EE-CECE327A407C}.Release|x86.ActiveCfg = Release|Any CPU
		{826993C2-09BC-4A4D-82EE-CECE327A407C}.Release|x86.Build.0 = Release|Any CPU
		{FF8ED484-CE81-4DE2-A9B4-CA69D99615D2}.Debug|Any CPU.ActiveCfg = Debug|Any CPU
		{FF8ED484-CE81-4DE2-A9B4-CA69D99615D2}.Debug|Any CPU.Build.0 = Debug|Any CPU
		{FF8ED484-CE81-4DE2-A9B4-CA69D99615D2}.Debug|x64.ActiveCfg = Debug|Any CPU
		{FF8ED484-CE81-4DE2-A9B4-CA69D99615D2}.Debug|x64.Build.0 = Debug|Any CPU
		{FF8ED484-CE81-4DE2-A9B4-CA69D99615D2}.Debug|x86.ActiveCfg = Debug|Any CPU
		{FF8ED484-CE81-4DE2-A9B4-CA69D99615D2}.Debug|x86.Build.0 = Debug|Any CPU
		{FF8ED484-CE81-4DE2-A9B4-CA69D99615D2}.Release|Any CPU.ActiveCfg = Release|Any CPU
		{FF8ED484-CE81-4DE2-A9B4-CA69D99615D2}.Release|Any CPU.Build.0 = Release|Any CPU
		{FF8ED484-CE81-4DE2-A9B4-CA69D99615D2}.Release|x64.ActiveCfg = Release|Any CPU
		{FF8ED484-CE81-4DE2-A9B4-CA69D99615D2}.Release|x64.Build.0 = Release|Any CPU
		{FF8ED484-CE81-4DE2-A9B4-CA69D99615D2}.Release|x86.ActiveCfg = Release|Any CPU
		{FF8ED484-CE81-4DE2-A9B4-CA69D99615D2}.Release|x86.Build.0 = Release|Any CPU
		{82B5240B-3168-4C7D-92ED-337FB82DE86B}.Debug|Any CPU.ActiveCfg = Debug|Any CPU
		{82B5240B-3168-4C7D-92ED-337FB82DE86B}.Debug|Any CPU.Build.0 = Debug|Any CPU
		{82B5240B-3168-4C7D-92ED-337FB82DE86B}.Debug|x64.ActiveCfg = Debug|Any CPU
		{82B5240B-3168-4C7D-92ED-337FB82DE86B}.Debug|x64.Build.0 = Debug|Any CPU
		{82B5240B-3168-4C7D-92ED-337FB82DE86B}.Debug|x86.ActiveCfg = Debug|Any CPU
		{82B5240B-3168-4C7D-92ED-337FB82DE86B}.Debug|x86.Build.0 = Debug|Any CPU
		{82B5240B-3168-4C7D-92ED-337FB82DE86B}.Release|Any CPU.ActiveCfg = Release|Any CPU
		{82B5240B-3168-4C7D-92ED-337FB82DE86B}.Release|Any CPU.Build.0 = Release|Any CPU
		{82B5240B-3168-4C7D-92ED-337FB82DE86B}.Release|x64.ActiveCfg = Release|Any CPU
		{82B5240B-3168-4C7D-92ED-337FB82DE86B}.Release|x64.Build.0 = Release|Any CPU
		{82B5240B-3168-4C7D-92ED-337FB82DE86B}.Release|x86.ActiveCfg = Release|Any CPU
		{82B5240B-3168-4C7D-92ED-337FB82DE86B}.Release|x86.Build.0 = Release|Any CPU
	EndGlobalSection
	GlobalSection(SolutionProperties) = preSolution
		HideSolutionNode = FALSE
	EndGlobalSection
	GlobalSection(NestedProjects) = preSolution
		{A9B38203-02C4-4B6D-8DC8-6F6A7C40AE26} = {E45269D4-D9D4-45AF-9726-4D4CFD1F83F0}
		{35AC8E98-97CB-4AD4-BD3F-BE6BE57DF298} = {F80165AB-816F-4E8F-95D1-3560331A0D95}
		{826993C2-09BC-4A4D-82EE-CECE327A407C} = {E45269D4-D9D4-45AF-9726-4D4CFD1F83F0}
		{FF8ED484-CE81-4DE2-A9B4-CA69D99615D2} = {F80165AB-816F-4E8F-95D1-3560331A0D95}
		{82B5240B-3168-4C7D-92ED-337FB82DE86B} = {F80165AB-816F-4E8F-95D1-3560331A0D95}
	EndGlobalSection
EndGlobal
